
Microsoft Visual Studio Solution File, Format Version 12.00
# Visual Studio Version 17
VisualStudioVersion = 17.12.35527.113
MinimumVisualStudioVersion = 10.0.40219.1
Project("{FAE04EC0-301F-11D3-BF4B-00C04F79EFBC}") = "GestaoGuincho.Domain", "GestaoGuincho.Domain\GestaoGuincho.Domain.csproj", "{D879423F-EF28-4559-A3C6-0978F0C4B2DC}"
EndProject
Project("{FAE04EC0-301F-11D3-BF4B-00C04F79EFBC}") = "GestaoGuincho.Infra.Data", "GestaoGuincho.Infra.Data\GestaoGuincho.Infra.Data.csproj", "{6C4D8BA6-CCAB-4E76-A0DF-063BC83127B7}"
EndProject
Project("{FAE04EC0-301F-11D3-BF4B-00C04F79EFBC}") = "GestaoGuincho.Infra.IoC", "GestaoGuincho.Data.IoC\GestaoGuincho.Infra.IoC.csproj", "{30C4D37E-4243-4389-AD4B-20743EF70533}"
EndProject
Project("{FAE04EC0-301F-11D3-BF4B-00C04F79EFBC}") = "GestaoGuincho.Application", "GestaoGuincho.Application\GestaoGuincho.Application.csproj", "{C3CD7F93-121E-4C56-8E28-9794487DFD46}"
EndProject
Project("{FAE04EC0-301F-11D3-BF4B-00C04F79EFBC}") = "GestaoGuincho.API", "GestaoGuincho.API\GestaoGuincho.API.csproj", "{FFB2A266-190C-4067-9C17-500DB32E25E5}"
EndProject
Global
	GlobalSection(SolutionConfigurationPlatforms) = preSolution
		Debug|Any CPU = Debug|Any CPU
		Release|Any CPU = Release|Any CPU
	EndGlobalSection
	GlobalSection(ProjectConfigurationPlatforms) = postSolution
		{D879423F-EF28-4559-A3C6-0978F0C4B2DC}.Debug|Any CPU.ActiveCfg = Debug|Any CPU
		{D879423F-EF28-4559-A3C6-0978F0C4B2DC}.Debug|Any CPU.Build.0 = Debug|Any CPU
		{D879423F-EF28-4559-A3C6-0978F0C4B2DC}.Release|Any CPU.ActiveCfg = Release|Any CPU
		{D879423F-EF28-4559-A3C6-0978F0C4B2DC}.Release|Any CPU.Build.0 = Release|Any CPU
		{6C4D8BA6-CCAB-4E76-A0DF-063BC83127B7}.Debug|Any CPU.ActiveCfg = Debug|Any CPU
		{6C4D8BA6-CCAB-4E76-A0DF-063BC83127B7}.Debug|Any CPU.Build.0 = Debug|Any CPU
		{6C4D8BA6-CCAB-4E76-A0DF-063BC83127B7}.Release|Any CPU.ActiveCfg = Release|Any CPU
		{6C4D8BA6-CCAB-4E76-A0DF-063BC83127B7}.Release|Any CPU.Build.0 = Release|Any CPU
		{30C4D37E-4243-4389-AD4B-20743EF70533}.Debug|Any CPU.ActiveCfg = Debug|Any CPU
		{30C4D37E-4243-4389-AD4B-20743EF70533}.Debug|Any CPU.Build.0 = Debug|Any CPU
		{30C4D37E-4243-4389-AD4B-20743EF70533}.Release|Any CPU.ActiveCfg = Release|Any CPU
		{30C4D37E-4243-4389-AD4B-20743EF70533}.Release|Any CPU.Build.0 = Release|Any CPU
		{C3CD7F93-121E-4C56-8E28-9794487DFD46}.Debug|Any CPU.ActiveCfg = Debug|Any CPU
		{C3CD7F93-121E-4C56-8E28-9794487DFD46}.Debug|Any CPU.Build.0 = Debug|Any CPU
		{C3CD7F93-121E-4C56-8E28-9794487DFD46}.Release|Any CPU.ActiveCfg = Release|Any CPU
		{C3CD7F93-121E-4C56-8E28-9794487DFD46}.Release|Any CPU.Build.0 = Release|Any CPU
		{FFB2A266-190C-4067-9C17-500DB32E25E5}.Debug|Any CPU.ActiveCfg = Debug|Any CPU
		{FFB2A266-190C-4067-9C17-500DB32E25E5}.Debug|Any CPU.Build.0 = Debug|Any CPU
		{FFB2A266-190C-4067-9C17-500DB32E25E5}.Release|Any CPU.ActiveCfg = Release|Any CPU
		{FFB2A266-190C-4067-9C17-500DB32E25E5}.Release|Any CPU.Build.0 = Release|Any CPU
	EndGlobalSection
	GlobalSection(SolutionProperties) = preSolution
		HideSolutionNode = FALSE
	EndGlobalSection
EndGlobal
